
Microsoft Visual Studio Solution File, Format Version 12.00
# Visual Studio Version 17
VisualStudioVersion = 17.6.33829.357
MinimumVisualStudioVersion = 10.0.40219.1
Project("{9A19103F-16F7-4668-BE54-9A1E7A4F7556}") = "LokantaOtomasyonu", "LokantaOtomasyonu\LokantaOtomasyonu.csproj", "{15400CB7-819C-43A4-8B3F-62F6A49A724A}"
EndProject
Project("{9A19103F-16F7-4668-BE54-9A1E7A4F7556}") = "DataAccessLayer", "DataAccessLayer\DataAccessLayer.csproj", "{F893BB83-62ED-44FA-A320-7DCC93066ADA}"
EndProject
Project("{9A19103F-16F7-4668-BE54-9A1E7A4F7556}") = "BusinessLayer", "BusinessLayer\BusinessLayer.csproj", "{9B609F1E-B400-41F7-8436-96D9BC89DA2A}"
EndProject
Project("{9A19103F-16F7-4668-BE54-9A1E7A4F7556}") = "EntityLayer", "EntityLayer\EntityLayer.csproj", "{BEFE1A9E-00F4-4585-85CC-BB036E743E28}"
EndProject
Global
	GlobalSection(SolutionConfigurationPlatforms) = preSolution
		Debug|Any CPU = Debug|Any CPU
		Release|Any CPU = Release|Any CPU
	EndGlobalSection
	GlobalSection(ProjectConfigurationPlatforms) = postSolution
		{15400CB7-819C-43A4-8B3F-62F6A49A724A}.Debug|Any CPU.ActiveCfg = Debug|Any CPU
		{15400CB7-819C-43A4-8B3F-62F6A49A724A}.Debug|Any CPU.Build.0 = Debug|Any CPU
		{15400CB7-819C-43A4-8B3F-62F6A49A724A}.Release|Any CPU.ActiveCfg = Release|Any CPU
		{15400CB7-819C-43A4-8B3F-62F6A49A724A}.Release|Any CPU.Build.0 = Release|Any CPU
		{F893BB83-62ED-44FA-A320-7DCC93066ADA}.Debug|Any CPU.ActiveCfg = Debug|Any CPU
		{F893BB83-62ED-44FA-A320-7DCC93066ADA}.Debug|Any CPU.Build.0 = Debug|Any CPU
		{F893BB83-62ED-44FA-A320-7DCC93066ADA}.Release|Any CPU.ActiveCfg = Release|Any CPU
		{F893BB83-62ED-44FA-A320-7DCC93066ADA}.Release|Any CPU.Build.0 = Release|Any CPU
		{9B609F1E-B400-41F7-8436-96D9BC89DA2A}.Debug|Any CPU.ActiveCfg = Debug|Any CPU
		{9B609F1E-B400-41F7-8436-96D9BC89DA2A}.Debug|Any CPU.Build.0 = Debug|Any CPU
		{9B609F1E-B400-41F7-8436-96D9BC89DA2A}.Release|Any CPU.ActiveCfg = Release|Any CPU
		{9B609F1E-B400-41F7-8436-96D9BC89DA2A}.Release|Any CPU.Build.0 = Release|Any CPU
		{BEFE1A9E-00F4-4585-85CC-BB036E743E28}.Debug|Any CPU.ActiveCfg = Debug|Any CPU
		{BEFE1A9E-00F4-4585-85CC-BB036E743E28}.Debug|Any CPU.Build.0 = Debug|Any CPU
		{BEFE1A9E-00F4-4585-85CC-BB036E743E28}.Release|Any CPU.ActiveCfg = Release|Any CPU
		{BEFE1A9E-00F4-4585-85CC-BB036E743E28}.Release|Any CPU.Build.0 = Release|Any CPU
	EndGlobalSection
	GlobalSection(SolutionProperties) = preSolution
		HideSolutionNode = FALSE
	EndGlobalSection
	GlobalSection(ExtensibilityGlobals) = postSolution
		SolutionGuid = {A7FD2721-7CB3-4B10-8F9D-ACDD55CF5380}
	EndGlobalSection
EndGlobal
